// !$*UTF8*$!
{
	archiveVersion = 1;
	classes = {
	};
	objectVersion = 77;
	objects = {

/* Begin PBXBuildFile section */
		F7809BC1300E5C7A002FF5C2 /* WireGuardKit in Frameworks */ = {isa = PBXBuildFile; productRef = F7809BC0300E5C7A002FF5C2 /* WireGuardKit */; };
		F7C79601300E3D7100525299 /* PacketTunnel.appex in Embed Foundation Extensions */ = {isa = PBXBuildFile; fileRef = F7C795F6300E3D7100525299 /* PacketTunnel.appex */; settings = {ATTRIBUTES = (RemoveHeadersOnCopy, ); }; };
		F7C7963F300E57D400525299 /* NetworkExtension.framework in Frameworks */ = {isa = PBXBuildFile; fileRef = F7C795F8300E3D7100525299 /* NetworkExtension.framework */; };
		F7D30001310E3D7100525299 /* com.simple.VPNRouter.DNSProxyExtension.systemextension in Embed System Extensions */ = {isa = PBXBuildFile; fileRef = F7D30002310E3D7100525299 /* com.simple.VPNRouter.DNSProxyExtension.systemextension */; settings = {ATTRIBUTES = (CodeSignOnCopy, ); }; };
		F7D3000F310E3D7100525299 /* NetworkExtension.framework in Frameworks */ = {isa = PBXBuildFile; fileRef = F7C795F8300E3D7100525299 /* NetworkExtension.framework */; };
		F7D30011310E3D7100525299 /* SystemExtensions.framework in Frameworks */ = {isa = PBXBuildFile; fileRef = F7D30010310E3D7100525299 /* SystemExtensions.framework */; };
/* End PBXBuildFile section */

/* Begin PBXContainerItemProxy section */
		F7C795FF300E3D7100525299 /* PBXContainerItemProxy */ = {
			isa = PBXContainerItemProxy;
			containerPortal = F7C795DC300E3C3A00525299 /* Project object */;
			proxyType = 1;
			remoteGlobalIDString = F7C795F5300E3D7100525299;
			remoteInfo = PacketTunnel;
		};
		F7D30003310E3D7100525299 /* PBXContainerItemProxy */ = {
			isa = PBXContainerItemProxy;
			containerPortal = F7C795DC300E3C3A00525299 /* Project object */;
			proxyType = 1;
			remoteGlobalIDString = F7D30008310E3D7100525299;
			remoteInfo = DNSProxyExtension;
		};
/* End PBXContainerItemProxy section */

/* Begin PBXCopyFilesBuildPhase section */
		F7C79606300E3D7100525299 /* Embed Foundation Extensions */ = {
			isa = PBXCopyFilesBuildPhase;
			buildActionMask = 2147483647;
			dstPath = "";
			dstSubfolderSpec = 13;
			files = (
				F7C79601300E3D7100525299 /* PacketTunnel.appex in Embed Foundation Extensions */,
			);
			name = "Embed Foundation Extensions";
			runOnlyForDeploymentPostprocessing = 0;
		};
		F7D30004310E3D7100525299 /* Embed System Extensions */ = {
			isa = PBXCopyFilesBuildPhase;
			buildActionMask = 2147483647;
			dstPath = Contents/Library/SystemExtensions;
			dstSubfolderSpec = 1;
			files = (
				F7D30001310E3D7100525299 /* com.simple.VPNRouter.DNSProxyExtension.systemextension in Embed System Extensions */,
			);
			name = "Embed System Extensions";
			runOnlyForDeploymentPostprocessing = 0;
		};
/* End PBXCopyFilesBuildPhase section */

/* Begin PBXFileReference section */
		F7C795E4300E3C3A00525299 /* VPNRouter.app */ = {isa = PBXFileReference; explicitFileType = wrapper.application; includeInIndex = 0; path = VPNRouter.app; sourceTree = BUILT_PRODUCTS_DIR; };
		F7C795F6300E3D7100525299 /* PacketTunnel.appex */ = {isa = PBXFileReference; explicitFileType = "wrapper.app-extension"; includeInIndex = 0; path = PacketTunnel.appex; sourceTree = BUILT_PRODUCTS_DIR; };
		F7C795F8300E3D7100525299 /* NetworkExtension.framework */ = {isa = PBXFileReference; lastKnownFileType = wrapper.framework; name = NetworkExtension.framework; path = System/Library/Frameworks/NetworkExtension.framework; sourceTree = SDKROOT; };
		F7D30002310E3D7100525299 /* com.simple.VPNRouter.DNSProxyExtension.systemextension */ = {isa = PBXFileReference; explicitFileType = "wrapper.system-extension"; includeInIndex = 0; path = com.simple.VPNRouter.DNSProxyExtension.systemextension; sourceTree = BUILT_PRODUCTS_DIR; };
		F7D30010310E3D7100525299 /* SystemExtensions.framework */ = {isa = PBXFileReference; lastKnownFileType = wrapper.framework; name = SystemExtensions.framework; path = System/Library/Frameworks/SystemExtensions.framework; sourceTree = SDKROOT; };
/* End PBXFileReference section */

/* Begin PBXFileSystemSynchronizedBuildFileExceptionSet section */
		F7C79602300E3D7100525299 /* Exceptions for "PacketTunnel" folder in "PacketTunnel" target */ = {
			isa = PBXFileSystemSynchronizedBuildFileExceptionSet;
			membershipExceptions = (
				Info.plist,
			);
			target = F7C795F5300E3D7100525299 /* PacketTunnel */;
		};
		F7D30005310E3D7100525299 /* Exceptions for "DNSProxyExtension" folder in "DNSProxyExtension" target */ = {
			isa = PBXFileSystemSynchronizedBuildFileExceptionSet;
			membershipExceptions = (
				Info.plist,
			);
			target = F7D30008310E3D7100525299 /* DNSProxyExtension */;
		};
/* End PBXFileSystemSynchronizedBuildFileExceptionSet section */

/* Begin PBXFileSystemSynchronizedRootGroup section */
		F7C795E6300E3C3A00525299 /* VPNRouter */ = {
			isa = PBXFileSystemSynchronizedRootGroup;
			path = VPNRouter;
			sourceTree = "<group>";
		};
		F7C795FA300E3D7100525299 /* PacketTunnel */ = {
			isa = PBXFileSystemSynchronizedRootGroup;
			exceptions = (
				F7C79602300E3D7100525299 /* Exceptions for "PacketTunnel" folder in "PacketTunnel" target */,
			);
			path = PacketTunnel;
			sourceTree = "<group>";
		};
		F7D30006310E3D7100525299 /* DNSProxyExtension */ = {
			isa = PBXFileSystemSynchronizedRootGroup;
			exceptions = (
				F7D30005310E3D7100525299 /* Exceptions for "DNSProxyExtension" folder in "DNSProxyExtension" target */,
			);
			path = DNSProxyExtension;
			sourceTree = "<group>";
		};
/* End PBXFileSystemSynchronizedRootGroup section */

/* Begin PBXFrameworksBuildPhase section */
		F7C795E1300E3C3A00525299 /* Frameworks */ = {
			isa = PBXFrameworksBuildPhase;
			buildActionMask = 2147483647;
			files = (
				F7D30011310E3D7100525299 /* SystemExtensions.framework in Frameworks */,
			);
			runOnlyForDeploymentPostprocessing = 0;
		};
		F7C795F3300E3D7100525299 /* Frameworks */ = {
			isa = PBXFrameworksBuildPhase;
			buildActionMask = 2147483647;
			files = (
				F7809BC1300E5C7A002FF5C2 /* WireGuardKit in Frameworks */,
				F7C7963F300E57D400525299 /* NetworkExtension.framework in Frameworks */,
			);
			runOnlyForDeploymentPostprocessing = 0;
		};
		F7D30007310E3D7100525299 /* Frameworks */ = {
			isa = PBXFrameworksBuildPhase;
			buildActionMask = 2147483647;
			files = (
				F7D3000F310E3D7100525299 /* NetworkExtension.framework in Frameworks */,
			);
			runOnlyForDeploymentPostprocessing = 0;
		};
/* End PBXFrameworksBuildPhase section */

/* Begin PBXGroup section */
		F7C795DB300E3C3A00525299 = {
			isa = PBXGroup;
			children = (
				F7C795E6300E3C3A00525299 /* VPNRouter */,
				F7C795FA300E3D7100525299 /* PacketTunnel */,
				F7D30006310E3D7100525299 /* DNSProxyExtension */,
				F7C795F7300E3D7100525299 /* Frameworks */,
				F7C795E5300E3C3A00525299 /* Products */,
			);
			sourceTree = "<group>";
		};
		F7C795E5300E3C3A00525299 /* Products */ = {
			isa = PBXGroup;
			children = (
				F7C795E4300E3C3A00525299 /* VPNRouter.app */,
				F7C795F6300E3D7100525299 /* PacketTunnel.appex */,
				F7D30002310E3D7100525299 /* com.simple.VPNRouter.DNSProxyExtension.systemextension */,
			);
			name = Products;
			sourceTree = "<group>";
		};
		F7C795F7300E3D7100525299 /* Frameworks */ = {
			isa = PBXGroup;
			children = (
				F7C795F8300E3D7100525299 /* NetworkExtension.framework */,
				F7D30010310E3D7100525299 /* SystemExtensions.framework */,
			);
			name = Frameworks;
			sourceTree = "<group>";
		};
/* End PBXGroup section */

/* Begin PBXNativeTarget section */
		F7C795E3300E3C3A00525299 /* VPNRouter */ = {
			isa = PBXNativeTarget;
			buildConfigurationList = F7C795EF300E3C3B00525299 /* Build configuration list for PBXNativeTarget "VPNRouter" */;
			buildPhases = (
				F7C795E0300E3C3A00525299 /* Sources */,
				F7C795E1300E3C3A00525299 /* Frameworks */,
				F7C795E2300E3C3A00525299 /* Resources */,
				F7C79606300E3D7100525299 /* Embed Foundation Extensions */,
				F7D30004310E3D7100525299 /* Embed System Extensions */,
			);
			buildRules = (
			);
			dependencies = (
				F7C79600300E3D7100525299 /* PBXTargetDependency */,
				F7D3000B310E3D7100525299 /* PBXTargetDependency */,
			);
			fileSystemSynchronizedGroups = (
				F7C795E6300E3C3A00525299 /* VPNRouter */,
			);
			name = VPNRouter;
			packageProductDependencies = (
			);
			productName = VPNRouter;
			productReference = F7C795E4300E3C3A00525299 /* VPNRouter.app */;
			productType = "com.apple.product-type.application";
		};
		F7C795F5300E3D7100525299 /* PacketTunnel */ = {
			isa = PBXNativeTarget;
			buildConfigurationList = F7C79603300E3D7100525299 /* Build configuration list for PBXNativeTarget "PacketTunnel" */;
			buildPhases = (
				F7C795F2300E3D7100525299 /* Sources */,
				F7C795F3300E3D7100525299 /* Frameworks */,
				F7C795F4300E3D7100525299 /* Resources */,
			);
			buildRules = (
			);
			dependencies = (
			);
			fileSystemSynchronizedGroups = (
				F7C795FA300E3D7100525299 /* PacketTunnel */,
			);
			name = PacketTunnel;
			packageProductDependencies = (
				F7809BC0300E5C7A002FF5C2 /* WireGuardKit */,
			);
			productName = PacketTunnel;
			productReference = F7C795F6300E3D7100525299 /* PacketTunnel.appex */;
			productType = "com.apple.product-type.app-extension";
		};
		F7D30008310E3D7100525299 /* DNSProxyExtension */ = {
			isa = PBXNativeTarget;
			buildConfigurationList = F7D3000E310E3D7100525299 /* Build configuration list for PBXNativeTarget "DNSProxyExtension" */;
			buildPhases = (
				F7D30009310E3D7100525299 /* Sources */,
				F7D30007310E3D7100525299 /* Frameworks */,
				F7D3000A310E3D7100525299 /* Resources */,
			);
			buildRules = (
			);
			dependencies = (
			);
			fileSystemSynchronizedGroups = (
				F7D30006310E3D7100525299 /* DNSProxyExtension */,
			);
			name = DNSProxyExtension;
			packageProductDependencies = (
			);
			productName = DNSProxyExtension;
			productReference = F7D30002310E3D7100525299 /* com.simple.VPNRouter.DNSProxyExtension.systemextension */;
			productType = "com.apple.product-type.system-extension";
		};
/* End PBXNativeTarget section */

/* Begin PBXProject section */
		F7C795DC300E3C3A00525299 /* Project object */ = {
			isa = PBXProject;
			attributes = {
				BuildIndependentTargetsInParallel = 1;
				LastSwiftUpdateCheck = 2660;
				LastUpgradeCheck = 2660;
				TargetAttributes = {
					F7C795E3300E3C3A00525299 = {
						CreatedOnToolsVersion = 26.6;
					};
					F7C795F5300E3D7100525299 = {
						CreatedOnToolsVersion = 26.6;
					};
					F7D30008310E3D7100525299 = {
						CreatedOnToolsVersion = 26.6;
					};
				};
			};
			buildConfigurationList = F7C795DF300E3C3A00525299 /* Build configuration list for PBXProject "VPNRouter" */;
			developmentRegion = en;
			hasScannedForEncodings = 0;
			knownRegions = (
				en,
				Base,
			);
			mainGroup = F7C795DB300E3C3A00525299;
			minimizedProjectReferenceProxies = 1;
			packageReferences = (
				F7809BBF300E5C69002FF5C2 /* XCLocalSwiftPackageReference "Vendor/wireguard-apple" */,
			);
			preferredProjectObjectVersion = 77;
			productRefGroup = F7C795E5300E3C3A00525299 /* Products */;
			projectDirPath = "";
			projectRoot = "";
			targets = (
				F7C795E3300E3C3A00525299 /* VPNRouter */,
				F7C795F5300E3D7100525299 /* PacketTunnel */,
				F7D30008310E3D7100525299 /* DNSProxyExtension */,
			);
		};
/* End PBXProject section */

/* Begin PBXResourcesBuildPhase section */
		F7C795E2300E3C3A00525299 /* Resources */ = {
			isa = PBXResourcesBuildPhase;
			buildActionMask = 2147483647;
			files = (
			);
			runOnlyForDeploymentPostprocessing = 0;
		};
		F7C795F4300E3D7100525299 /* Resources */ = {
			isa = PBXResourcesBuildPhase;
			buildActionMask = 2147483647;
			files = (
			);
			runOnlyForDeploymentPostprocessing = 0;
		};
		F7D3000A310E3D7100525299 /* Resources */ = {
			isa = PBXResourcesBuildPhase;
			buildActionMask = 2147483647;
			files = (
			);
			runOnlyForDeploymentPostprocessing = 0;
		};
/* End PBXResourcesBuildPhase section */

/* Begin PBXSourcesBuildPhase section */
		F7C795E0300E3C3A00525299 /* Sources */ = {
			isa = PBXSourcesBuildPhase;
			buildActionMask = 2147483647;
			files = (
			);
			runOnlyForDeploymentPostprocessing = 0;
		};
		F7C795F2300E3D7100525299 /* Sources */ = {
			isa = PBXSourcesBuildPhase;
			buildActionMask = 2147483647;
			files = (
			);
			runOnlyForDeploymentPostprocessing = 0;
		};
		F7D30009310E3D7100525299 /* Sources */ = {
			isa = PBXSourcesBuildPhase;
			buildActionMask = 2147483647;
			files = (
			);
			runOnlyForDeploymentPostprocessing = 0;
		};
/* End PBXSourcesBuildPhase section */

/* Begin PBXTargetDependency section */
		F7C79600300E3D7100525299 /* PBXTargetDependency */ = {
			isa = PBXTargetDependency;
			target = F7C795F5300E3D7100525299 /* PacketTunnel */;
			targetProxy = F7C795FF300E3D7100525299 /* PBXContainerItemProxy */;
		};
		F7D3000B310E3D7100525299 /* PBXTargetDependency */ = {
			isa = PBXTargetDependency;
			target = F7D30008310E3D7100525299 /* DNSProxyExtension */;
			targetProxy = F7D30003310E3D7100525299 /* PBXContainerItemProxy */;
		};
/* End PBXTargetDependency section */

/* Begin XCBuildConfiguration section */
		F7C795ED300E3C3B00525299 /* Debug */ = {
			isa = XCBuildConfiguration;
			buildSettings = {
				ALWAYS_SEARCH_USER_PATHS = NO;
				ASSETCATALOG_COMPILER_GENERATE_SWIFT_ASSET_SYMBOL_EXTENSIONS = YES;
				CLANG_ANALYZER_NONNULL = YES;
				CLANG_ANALYZER_NUMBER_OBJECT_CONVERSION = YES_AGGRESSIVE;
				CLANG_CXX_LANGUAGE_STANDARD = "gnu++20";
				CLANG_ENABLE_MODULES = YES;
				CLANG_ENABLE_OBJC_ARC = YES;
				CLANG_ENABLE_OBJC_WEAK = YES;
				CLANG_WARN_BLOCK_CAPTURE_AUTORELEASING = YES;
				CLANG_WARN_BOOL_CONVERSION = YES;
				CLANG_WARN_COMMA = YES;
				CLANG_WARN_CONSTANT_CONVERSION = YES;
				CLANG_WARN_DEPRECATED_OBJC_IMPLEMENTATIONS = YES;
				CLANG_WARN_DIRECT_OBJC_ISA_USAGE = YES_ERROR;
				CLANG_WARN_DOCUMENTATION_COMMENTS = YES;
				CLANG_WARN_EMPTY_BODY = YES;
				CLANG_WARN_ENUM_CONVERSION = YES;
				CLANG_WARN_INFINITE_RECURSION = YES;
				CLANG_WARN_INT_CONVERSION = YES;
				CLANG_WARN_NON_LITERAL_NULL_CONVERSION = YES;
				CLANG_WARN_OBJC_IMPLICIT_RETAIN_SELF = YES;
				CLANG_WARN_OBJC_LITERAL_CONVERSION = YES;
				CLANG_WARN_OBJC_ROOT_CLASS = YES_ERROR;
				CLANG_WARN_QUOTED_INCLUDE_IN_FRAMEWORK_HEADER = YES;
				CLANG_WARN_RANGE_LOOP_ANALYSIS = YES;
				CLANG_WARN_STRICT_PROTOTYPES = YES;
				CLANG_WARN_SUSPICIOUS_MOVE = YES;
				CLANG_WARN_UNGUARDED_AVAILABILITY = YES_AGGRESSIVE;
				CLANG_WARN_UNREACHABLE_CODE = YES;
				CLANG_WARN__DUPLICATE_METHOD_MATCH = YES;
				COPY_PHASE_STRIP = NO;
				DEBUG_INFORMATION_FORMAT = dwarf;
				DEVELOPMENT_TEAM = 46DSJ7YYX2;
				ENABLE_STRICT_OBJC_MSGSEND = YES;
				ENABLE_TESTABILITY = YES;
				ENABLE_USER_SCRIPT_SANDBOXING = YES;
				GCC_C_LANGUAGE_STANDARD = gnu17;
				GCC_DYNAMIC_NO_PIC = NO;
				GCC_NO_COMMON_BLOCKS = YES;
				GCC_OPTIMIZATION_LEVEL = 0;
				GCC_PREPROCESSOR_DEFINITIONS = (
					"DEBUG=1",
					"$(inherited)",
				);
				GCC_WARN_64_TO_32_BIT_CONVERSION = YES;
				GCC_WARN_ABOUT_RETURN_TYPE = YES_ERROR;
				GCC_WARN_UNDECLARED_SELECTOR = YES;
				GCC_WARN_UNINITIALIZED_AUTOS = YES_AGGRESSIVE;
				GCC_WARN_UNUSED_FUNCTION = YES;
				GCC_WARN_UNUSED_VARIABLE = YES;
				LOCALIZATION_PREFERS_STRING_CATALOGS = YES;
				MACOSX_DEPLOYMENT_TARGET = 26.5;
				MTL_ENABLE_DEBUG_INFO = INCLUDE_SOURCE;
				MTL_FAST_MATH = YES;
				ONLY_ACTIVE_ARCH = YES;
				SDKROOT = macosx;
				SWIFT_ACTIVE_COMPILATION_CONDITIONS = "DEBUG $(inherited)";
				SWIFT_OPTIMIZATION_LEVEL = "-Onone";
			};
			name = Debug;
		};
		F7C795EE300E3C3B00525299 /* Release */ = {
			isa = XCBuildConfiguration;
			buildSettings = {
				ALWAYS_SEARCH_USER_PATHS = NO;
				ASSETCATALOG_COMPILER_GENERATE_SWIFT_ASSET_SYMBOL_EXTENSIONS = YES;
				CLANG_ANALYZER_NONNULL = YES;
				CLANG_ANALYZER_NUMBER_OBJECT_CONVERSION = YES_AGGRESSIVE;
				CLANG_CXX_LANGUAGE_STANDARD = "gnu++20";
				CLANG_ENABLE_MODULES = YES;
				CLANG_ENABLE_OBJC_ARC = YES;
				CLANG_ENABLE_OBJC_WEAK = YES;
				CLANG_WARN_BLOCK_CAPTURE_AUTORELEASING = YES;
				CLANG_WARN_BOOL_CONVERSION = YES;
				CLANG_WARN_COMMA = YES;
				CLANG_WARN_CONSTANT_CONVERSION = YES;
				CLANG_WARN_DEPRECATED_OBJC_IMPLEMENTATIONS = YES;
				CLANG_WARN_DIRECT_OBJC_ISA_USAGE = YES_ERROR;
				CLANG_WARN_DOCUMENTATION_COMMENTS = YES;
				CLANG_WARN_EMPTY_BODY = YES;
				CLANG_WARN_ENUM_CONVERSION = YES;
				CLANG_WARN_INFINITE_RECURSION = YES;
				CLANG_WARN_INT_CONVERSION = YES;
				CLANG_WARN_NON_LITERAL_NULL_CONVERSION = YES;
				CLANG_WARN_OBJC_IMPLICIT_RETAIN_SELF = YES;
				CLANG_WARN_OBJC_LITERAL_CONVERSION = YES;
				CLANG_WARN_OBJC_ROOT_CLASS = YES_ERROR;
				CLANG_WARN_QUOTED_INCLUDE_IN_FRAMEWORK_HEADER = YES;
				CLANG_WARN_RANGE_LOOP_ANALYSIS = YES;
				CLANG_WARN_STRICT_PROTOTYPES = YES;
				CLANG_WARN_SUSPICIOUS_MOVE = YES;
				CLANG_WARN_UNGUARDED_AVAILABILITY = YES_AGGRESSIVE;
				CLANG_WARN_UNREACHABLE_CODE = YES;
				CLANG_WARN__DUPLICATE_METHOD_MATCH = YES;
				COPY_PHASE_STRIP = NO;
				DEBUG_INFORMATION_FORMAT = "dwarf-with-dsym";
				DEVELOPMENT_TEAM = 46DSJ7YYX2;
				ENABLE_NS_ASSERTIONS = NO;
				ENABLE_STRICT_OBJC_MSGSEND = YES;
				ENABLE_USER_SCRIPT_SANDBOXING = YES;
				GCC_C_LANGUAGE_STANDARD = gnu17;
				GCC_NO_COMMON_BLOCKS = YES;
				GCC_WARN_64_TO_32_BIT_CONVERSION = YES;
				GCC_WARN_ABOUT_RETURN_TYPE = YES_ERROR;
				GCC_WARN_UNDECLARED_SELECTOR = YES;
				GCC_WARN_UNINITIALIZED_AUTOS = YES_AGGRESSIVE;
				GCC_WARN_UNUSED_FUNCTION = YES;
				GCC_WARN_UNUSED_VARIABLE = YES;
				LOCALIZATION_PREFERS_STRING_CATALOGS = YES;
				MACOSX_DEPLOYMENT_TARGET = 26.5;
				MTL_ENABLE_DEBUG_INFO = NO;
				MTL_FAST_MATH = YES;
				SDKROOT = macosx;
				SWIFT_COMPILATION_MODE = wholemodule;
			};
			name = Release;
		};
		F7C795F0300E3C3B00525299 /* Debug */ = {
			isa = XCBuildConfiguration;
			buildSettings = {
				ASSETCATALOG_COMPILER_APPICON_NAME = AppIcon;
				ASSETCATALOG_COMPILER_GLOBAL_ACCENT_COLOR_NAME = AccentColor;
				CODE_SIGN_ENTITLEMENTS = VPNRouter/VPNRouter.entitlements;
				CODE_SIGN_STYLE = Automatic;
				COMBINE_HIDPI_IMAGES = YES;
				CURRENT_PROJECT_VERSION = 1;
				ENABLE_APP_SANDBOX = YES;
				ENABLE_HARDENED_RUNTIME = YES;
				ENABLE_PREVIEWS = YES;
				ENABLE_USER_SELECTED_FILES = readonly;
				GENERATE_INFOPLIST_FILE = YES;
				INFOPLIST_KEY_NSHumanReadableCopyright = "";
				LD_RUNPATH_SEARCH_PATHS = (
					"$(inherited)",
					"@executable_path/../Frameworks",
				);
				MARKETING_VERSION = 1.0;
				PRODUCT_BUNDLE_IDENTIFIER = com.simple.VPNRouter;
				PRODUCT_NAME = "$(TARGET_NAME)";
				REGISTER_APP_GROUPS = YES;
				STRING_CATALOG_GENERATE_SYMBOLS = YES;
				SWIFT_APPROACHABLE_CONCURRENCY = YES;
				SWIFT_DEFAULT_ACTOR_ISOLATION = MainActor;
				SWIFT_EMIT_LOC_STRINGS = YES;
				SWIFT_UPCOMING_FEATURE_MEMBER_IMPORT_VISIBILITY = YES;
				SWIFT_VERSION = 5.0;
			};
			name = Debug;
		};
		F7C795F1300E3C3B00525299 /* Release */ = {
			isa = XCBuildConfiguration;
			buildSettings = {
				ASSETCATALOG_COMPILER_APPICON_NAME = AppIcon;
				ASSETCATALOG_COMPILER_GLOBAL_ACCENT_COLOR_NAME = AccentColor;
				CODE_SIGN_ENTITLEMENTS = VPNRouter/VPNRouter.entitlements;
				CODE_SIGN_STYLE = Automatic;
				COMBINE_HIDPI_IMAGES = YES;
				CURRENT_PROJECT_VERSION = 1;
				ENABLE_APP_SANDBOX = YES;
				ENABLE_HARDENED_RUNTIME = YES;
				ENABLE_PREVIEWS = YES;
				ENABLE_USER_SELECTED_FILES = readonly;
				GENERATE_INFOPLIST_FILE = YES;
				INFOPLIST_KEY_NSHumanReadableCopyright = "";
				LD_RUNPATH_SEARCH_PATHS = (
					"$(inherited)",
					"@executable_path/../Frameworks",
				);
				MARKETING_VERSION = 1.0;
				PRODUCT_BUNDLE_IDENTIFIER = com.simple.VPNRouter;
				PRODUCT_NAME = "$(TARGET_NAME)";
				REGISTER_APP_GROUPS = YES;
				STRING_CATALOG_GENERATE_SYMBOLS = YES;
				SWIFT_APPROACHABLE_CONCURRENCY = YES;
				SWIFT_DEFAULT_ACTOR_ISOLATION = MainActor;
				SWIFT_EMIT_LOC_STRINGS = YES;
				SWIFT_UPCOMING_FEATURE_MEMBER_IMPORT_VISIBILITY = YES;
				SWIFT_VERSION = 5.0;
			};
			name = Release;
		};
		F7C79604300E3D7100525299 /* Debug */ = {
			isa = XCBuildConfiguration;
			buildSettings = {
				CODE_SIGN_ENTITLEMENTS = PacketTunnel/PacketTunnel.entitlements;
				CODE_SIGN_STYLE = Automatic;
				CURRENT_PROJECT_VERSION = 1;
				DEVELOPMENT_TEAM = 46DSJ7YYX2;
				ENABLE_APP_SANDBOX = YES;
				ENABLE_HARDENED_RUNTIME = YES;
				GENERATE_INFOPLIST_FILE = YES;
				INFOPLIST_FILE = PacketTunnel/Info.plist;
				INFOPLIST_KEY_CFBundleDisplayName = PacketTunnel;
				INFOPLIST_KEY_NSHumanReadableCopyright = "";
				LD_RUNPATH_SEARCH_PATHS = (
					"$(inherited)",
					"@executable_path/../Frameworks",
					"@executable_path/../../../../Frameworks",
				);
				MARKETING_VERSION = 1.0;
				PRODUCT_BUNDLE_IDENTIFIER = com.simple.VPNRouter.PacketTunnel;
				PRODUCT_NAME = "$(TARGET_NAME)";
				REGISTER_APP_GROUPS = YES;
				SKIP_INSTALL = YES;
				STRING_CATALOG_GENERATE_SYMBOLS = YES;
				SWIFT_APPROACHABLE_CONCURRENCY = YES;
				SWIFT_EMIT_LOC_STRINGS = YES;
				SWIFT_UPCOMING_FEATURE_MEMBER_IMPORT_VISIBILITY = YES;
				SWIFT_VERSION = 5.0;
			};
			name = Debug;
		};
		F7C79605300E3D7100525299 /* Release */ = {
			isa = XCBuildConfiguration;
			buildSettings = {
				CODE_SIGN_ENTITLEMENTS = PacketTunnel/PacketTunnel.entitlements;
				CODE_SIGN_STYLE = Automatic;
				CURRENT_PROJECT_VERSION = 1;
				DEVELOPMENT_TEAM = 46DSJ7YYX2;
				ENABLE_APP_SANDBOX = YES;
				ENABLE_HARDENED_RUNTIME = YES;
				GENERATE_INFOPLIST_FILE = YES;
				INFOPLIST_FILE = PacketTunnel/Info.plist;
				INFOPLIST_KEY_CFBundleDisplayName = PacketTunnel;
				INFOPLIST_KEY_NSHumanReadableCopyright = "";
				LD_RUNPATH_SEARCH_PATHS = (
					"$(inherited)",
					"@executable_path/../Frameworks",
					"@executable_path/../../../../Frameworks",
				);
				MARKETING_VERSION = 1.0;
				PRODUCT_BUNDLE_IDENTIFIER = com.simple.VPNRouter.PacketTunnel;
				PRODUCT_NAME = "$(TARGET_NAME)";
				REGISTER_APP_GROUPS = YES;
				SKIP_INSTALL = YES;
				STRING_CATALOG_GENERATE_SYMBOLS = YES;
				SWIFT_APPROACHABLE_CONCURRENCY = YES;
				SWIFT_EMIT_LOC_STRINGS = YES;
				SWIFT_UPCOMING_FEATURE_MEMBER_IMPORT_VISIBILITY = YES;
				SWIFT_VERSION = 5.0;
			};
			name = Release;
		};
		F7D3000C310E3D7100525299 /* Debug */ = {
			isa = XCBuildConfiguration;
			buildSettings = {
				CODE_SIGN_ENTITLEMENTS = DNSProxyExtension/DNSProxyExtension.entitlements;
				CODE_SIGN_STYLE = Automatic;
				CURRENT_PROJECT_VERSION = 1;
				ENABLE_APP_SANDBOX = YES;
				ENABLE_HARDENED_RUNTIME = YES;
				GENERATE_INFOPLIST_FILE = YES;
				INFOPLIST_FILE = DNSProxyExtension/Info.plist;
				INFOPLIST_KEY_CFBundleDisplayName = "VPN Router DNS Proxy";
				LD_RUNPATH_SEARCH_PATHS = (
					"$(inherited)",
					"@executable_path/../Frameworks",
				);
				MACOSX_DEPLOYMENT_TARGET = 14.0;
				MARKETING_VERSION = 1.0;
				PRODUCT_BUNDLE_IDENTIFIER = com.simple.VPNRouter.DNSProxyExtension;
				PRODUCT_NAME = "$(PRODUCT_BUNDLE_IDENTIFIER)";
				REGISTER_APP_GROUPS = YES;
				SKIP_INSTALL = YES;
				SWIFT_VERSION = 5.0;
			};
			name = Debug;
		};
		F7D3000D310E3D7100525299 /* Release */ = {
			isa = XCBuildConfiguration;
			buildSettings = {
				CODE_SIGN_ENTITLEMENTS = DNSProxyExtension/DNSProxyExtension.entitlements;
				CODE_SIGN_STYLE = Automatic;
				CURRENT_PROJECT_VERSION = 1;
				ENABLE_APP_SANDBOX = YES;
				ENABLE_HARDENED_RUNTIME = YES;
				GENERATE_INFOPLIST_FILE = YES;
				INFOPLIST_FILE = DNSProxyExtension/Info.plist;
				INFOPLIST_KEY_CFBundleDisplayName = "VPN Router DNS Proxy";
				LD_RUNPATH_SEARCH_PATHS = (
					"$(inherited)",
					"@executable_path/../Frameworks",
				);
				MACOSX_DEPLOYMENT_TARGET = 14.0;
				MARKETING_VERSION = 1.0;
				PRODUCT_BUNDLE_IDENTIFIER = com.simple.VPNRouter.DNSProxyExtension;
				PRODUCT_NAME = "$(PRODUCT_BUNDLE_IDENTIFIER)";
				REGISTER_APP_GROUPS = YES;
				SKIP_INSTALL = YES;
				SWIFT_VERSION = 5.0;
			};
			name = Release;
		};
/* End XCBuildConfiguration section */

/* Begin XCConfigurationList section */
		F7C795DF300E3C3A00525299 /* Build configuration list for PBXProject "VPNRouter" */ = {
			isa = XCConfigurationList;
			buildConfigurations = (
				F7C795ED300E3C3B00525299 /* Debug */,
				F7C795EE300E3C3B00525299 /* Release */,
			);
			defaultConfigurationIsVisible = 0;
			defaultConfigurationName = Release;
		};
		F7C795EF300E3C3B00525299 /* Build configuration list for PBXNativeTarget "VPNRouter" */ = {
			isa = XCConfigurationList;
			buildConfigurations = (
				F7C795F0300E3C3B00525299 /* Debug */,
				F7C795F1300E3C3B00525299 /* Release */,
			);
			defaultConfigurationIsVisible = 0;
			defaultConfigurationName = Release;
		};
		F7C79603300E3D7100525299 /* Build configuration list for PBXNativeTarget "PacketTunnel" */ = {
			isa = XCConfigurationList;
			buildConfigurations = (
				F7C79604300E3D7100525299 /* Debug */,
				F7C79605300E3D7100525299 /* Release */,
			);
			defaultConfigurationIsVisible = 0;
			defaultConfigurationName = Release;
		};
		F7D3000E310E3D7100525299 /* Build configuration list for PBXNativeTarget "DNSProxyExtension" */ = {
			isa = XCConfigurationList;
			buildConfigurations = (
				F7D3000C310E3D7100525299 /* Debug */,
				F7D3000D310E3D7100525299 /* Release */,
			);
			defaultConfigurationIsVisible = 0;
			defaultConfigurationName = Release;
		};
/* End XCConfigurationList section */

/* Begin XCLocalSwiftPackageReference section */
		F7809BBF300E5C69002FF5C2 /* XCLocalSwiftPackageReference "Vendor/wireguard-apple" */ = {
			isa = XCLocalSwiftPackageReference;
			relativePath = "Vendor/wireguard-apple";
		};
/* End XCLocalSwiftPackageReference section */

/* Begin XCSwiftPackageProductDependency section */
		F7809BC0300E5C7A002FF5C2 /* WireGuardKit */ = {
			isa = XCSwiftPackageProductDependency;
			package = F7809BBF300E5C69002FF5C2 /* XCLocalSwiftPackageReference "Vendor/wireguard-apple" */;
			productName = WireGuardKit;
		};
/* End XCSwiftPackageProductDependency section */
	};
	rootObject = F7C795DC300E3C3A00525299 /* Project object */;
}
